{
	"name": "@foo-software/foo-api-cli",
	"version": "0.0.34",
	"lockfileVersion": 1,
	"requires": true,
	"dependencies": {
		"@types/node": {
			"version": "14.17.1",
			"resolved": "https://registry.npmjs.org/@types/node/-/node-14.17.1.tgz",
			"integrity": "sha512-/tpUyFD7meeooTRwl3sYlihx2BrJE7q9XF71EguPFIySj9B7qgnRtHsHTho+0AUm4m1SvWGm6uSncrR94q6Vtw==",
			"dev": true
		}
	}
}
