{
	"name": "@foo-software/foo-api-cli",
	"version": "0.0.1",
	"lockfileVersion": 2,
	"requires": true,
	"packages": {
		"": {
			"name": "@foo-software/foo-api-cli",
			"version": "0.0.1",
			"bin": {
				"foo-api": "dist/bin/cli.js"
			},
			"devDependencies": {
				"@types/node": "^14.0.27"
			}
		},
		"../foo-api-client": {
			"name": "@foo-software/foo-api-client",
			"version": "0.0.17",
			"extraneous": true,
			"dependencies": {
				"node-fetch": "^2.6.1"
			},
			"devDependencies": {
				"@types/jest": "^26.0.23",
				"@types/node": "^14.14.2",
				"@types/node-fetch": "^2.5.10",
				"jest": "^26.6.3",
				"rimraf": "^3.0.2",
				"ts-jest": "^26.5.5",
				"typescript": "^4.0.3"
			}
		},
		"node_modules/@types/node": {
			"version": "14.17.1",
			"resolved": "https://registry.npmjs.org/@types/node/-/node-14.17.1.tgz",
			"integrity": "sha512-/tpUyFD7meeooTRwl3sYlihx2BrJE7q9XF71EguPFIySj9B7qgnRtHsHTho+0AUm4m1SvWGm6uSncrR94q6Vtw==",
			"dev": true
		}
	},
	"dependencies": {
		"@types/node": {
			"version": "14.17.1",
			"resolved": "https://registry.npmjs.org/@types/node/-/node-14.17.1.tgz",
			"integrity": "sha512-/tpUyFD7meeooTRwl3sYlihx2BrJE7q9XF71EguPFIySj9B7qgnRtHsHTho+0AUm4m1SvWGm6uSncrR94q6Vtw==",
			"dev": true
		}
	}
}
